
Microsoft Visual Studio Solution File, Format Version 12.00
Project("{FAE04EC0-301F-11D3-BF4B-00C04F79EFBC}") = "BoothDownloader", "BoothDownloader\BoothDownloader.csproj", "{A17CF993-E41E-4BA3-9DED-222786DE52EC}"
EndProject
Global
	GlobalSection(SolutionConfigurationPlatforms) = preSolution
		Debug|Any CPU = Debug|Any CPU
		Release|Any CPU = Release|Any CPU
	EndGlobalSection
	GlobalSection(ProjectConfigurationPlatforms) = postSolution
		{A17CF993-E41E-4BA3-9DED-222786DE52EC}.Debug|Any CPU.ActiveCfg = Debug|Any CPU
		{A17CF993-E41E-4BA3-9DED-222786DE52EC}.Debug|Any CPU.Build.0 = Debug|Any CPU
		{A17CF993-E41E-4BA3-9DED-222786DE52EC}.Release|Any CPU.ActiveCfg = Release|Any CPU
		{A17CF993-E41E-4BA3-9DED-222786DE52EC}.Release|Any CPU.Build.0 = Release|Any CPU
	EndGlobalSection
EndGlobal
